// !$*UTF8*$!
{
	archiveVersion = 1;
	classes = {
	};
	objectVersion = 46;
	objects = {

/* Begin PBXBuildFile section */
		AC0534961BD69CBC0052E0AD /* AppDelegate.swift in Sources */ = {isa = PBXBuildFile; fileRef = AC0534951BD69CBC0052E0AD /* AppDelegate.swift */; };
		AC0534981BD69CBC0052E0AD /* ViewController.swift in Sources */ = {isa = PBXBuildFile; fileRef = AC0534971BD69CBC0052E0AD /* ViewController.swift */; };
		AC05349D1BD69CBC0052E0AD /* Assets.xcassets in Resources */ = {isa = PBXBuildFile; fileRef = AC05349C1BD69CBC0052E0AD /* Assets.xcassets */; };
		AC0534A01BD69CBC0052E0AD /* LaunchScreen.storyboard in Resources */ = {isa = PBXBuildFile; fileRef = AC05349E1BD69CBC0052E0AD /* LaunchScreen.storyboard */; };
		AC0534A81BD6A6930052E0AD /* mb head.png in Resources */ = {isa = PBXBuildFile; fileRef = AC0534A71BD6A6930052E0AD /* mb head.png */; };
		AC394B491BD6D841007F626A /* Icon-Small@2x.png in Resources */ = {isa = PBXBuildFile; fileRef = AC394B481BD6D841007F626A /* Icon-Small@2x.png */; };
		AC7B51261BD9BC26006CB36A /* TableViewController.swift in Sources */ = {isa = PBXBuildFile; fileRef = AC7B51251BD9BC26006CB36A /* TableViewController.swift */; };
		AC7B51281BD9BD7B006CB36A /* ButtonViewController.swift in Sources */ = {isa = PBXBuildFile; fileRef = AC7B51271BD9BD7B006CB36A /* ButtonViewController.swift */; };
		AC7B512B1BD9D5BA006CB36A /* Main.storyboard in Resources */ = {isa = PBXBuildFile; fileRef = AC7B51291BD9D5BA006CB36A /* Main.storyboard */; };
/* End PBXBuildFile section */

/* Begin PBXFileReference section */
		AC0534921BD69CBC0052E0AD /* FMT.app */ = {isa = PBXFileReference; explicitFileType = wrapper.application; includeInIndex = 0; path = FMT.app; sourceTree = BUILT_PRODUCTS_DIR; };
		AC0534951BD69CBC0052E0AD /* AppDelegate.swift */ = {isa = PBXFileReference; lastKnownFileType = sourcecode.swift; path = AppDelegate.swift; sourceTree = "<group>"; };
		AC0534971BD69CBC0052E0AD /* ViewController.swift */ = {isa = PBXFileReference; lastKnownFileType = sourcecode.swift; path = ViewController.swift; sourceTree = "<group>"; };
		AC05349C1BD69CBC0052E0AD /* Assets.xcassets */ = {isa = PBXFileReference; lastKnownFileType = folder.assetcatalog; path = Assets.xcassets; sourceTree = "<group>"; };
		AC05349F1BD69CBC0052E0AD /* Base */ = {isa = PBXFileReference; lastKnownFileType = file.storyboard; name = Base; path = Base.lproj/LaunchScreen.storyboard; sourceTree = "<group>"; };
		AC0534A11BD69CBC0052E0AD /* Info.plist */ = {isa = PBXFileReference; lastKnownFileType = text.plist.xml; path = Info.plist; sourceTree = "<group>"; };
		AC0534A71BD6A6930052E0AD /* mb head.png */ = {isa = PBXFileReference; lastKnownFileType = image.png; path = "mb head.png"; sourceTree = "<group>"; };
		AC394B481BD6D841007F626A /* Icon-Small@2x.png */ = {isa = PBXFileReference; lastKnownFileType = image.png; path = "Icon-Small@2x.png"; sourceTree = "<group>"; };
		AC7B51251BD9BC26006CB36A /* TableViewController.swift */ = {isa = PBXFileReference; fileEncoding = 4; lastKnownFileType = sourcecode.swift; path = TableViewController.swift; sourceTree = "<group>"; };
		AC7B51271BD9BD7B006CB36A /* ButtonViewController.swift */ = {isa = PBXFileReference; fileEncoding = 4; lastKnownFileType = sourcecode.swift; path = ButtonViewController.swift; sourceTree = "<group>"; };
		AC7B512A1BD9D5BA006CB36A /* Base */ = {isa = PBXFileReference; lastKnownFileType = file.storyboard; name = Base; path = Base.lproj/Main.storyboard; sourceTree = "<group>"; };
/* End PBXFileReference section */

/* Begin PBXFrameworksBuildPhase section */
		AC05348F1BD69CBC0052E0AD /* Frameworks */ = {
			isa = PBXFrameworksBuildPhase;
			buildActionMask = 2147483647;
			files = (
			);
			runOnlyForDeploymentPostprocessing = 0;
		};
/* End PBXFrameworksBuildPhase section */

/* Begin PBXGroup section */
		AC0534891BD69CBC0052E0AD = {
			isa = PBXGroup;
			children = (
				AC0534941BD69CBC0052E0AD /* FMT */,
				AC0534931BD69CBC0052E0AD /* Products */,
			);
			sourceTree = "<group>";
		};
		AC0534931BD69CBC0052E0AD /* Products */ = {
			isa = PBXGroup;
			children = (
				AC0534921BD69CBC0052E0AD /* FMT.app */,
			);
			name = Products;
			sourceTree = "<group>";
		};
		AC0534941BD69CBC0052E0AD /* FMT */ = {
			isa = PBXGroup;
			children = (
				AC0534951BD69CBC0052E0AD /* AppDelegate.swift */,
				AC0534971BD69CBC0052E0AD /* ViewController.swift */,
				AC7B51291BD9D5BA006CB36A /* Main.storyboard */,
				AC7B51271BD9BD7B006CB36A /* ButtonViewController.swift */,
				AC7B51251BD9BC26006CB36A /* TableViewController.swift */,
				AC0534A71BD6A6930052E0AD /* mb head.png */,
				AC394B481BD6D841007F626A /* Icon-Small@2x.png */,
				AC05349C1BD69CBC0052E0AD /* Assets.xcassets */,
				AC05349E1BD69CBC0052E0AD /* LaunchScreen.storyboard */,
				AC0534A11BD69CBC0052E0AD /* Info.plist */,
			);
			path = FMT;
			sourceTree = "<group>";
		};
/* End PBXGroup section */

/* Begin PBXNativeTarget section */
		AC0534911BD69CBC0052E0AD /* FMT */ = {
			isa = PBXNativeTarget;
			buildConfigurationList = AC0534A41BD69CBC0052E0AD /* Build configuration list for PBXNativeTarget "FMT" */;
			buildPhases = (
				AC05348E1BD69CBC0052E0AD /* Sources */,
				AC05348F1BD69CBC0052E0AD /* Frameworks */,
				AC0534901BD69CBC0052E0AD /* Resources */,
			);
			buildRules = (
			);
			dependencies = (
			);
			name = FMT;
			productName = FMT;
			productReference = AC0534921BD69CBC0052E0AD /* FMT.app */;
			productType = "com.apple.product-type.application";
		};
/* End PBXNativeTarget section */

/* Begin PBXProject section */
		AC05348A1BD69CBC0052E0AD /* Project object */ = {
			isa = PBXProject;
			attributes = {
				LastUpgradeCheck = 0700;
				ORGANIZATIONNAME = BBG;
				TargetAttributes = {
					AC0534911BD69CBC0052E0AD = {
						CreatedOnToolsVersion = 7.0;
						DevelopmentTeam = F6SL4R6CM4;
					};
				};
			};
			buildConfigurationList = AC05348D1BD69CBC0052E0AD /* Build configuration list for PBXProject "FMT" */;
			compatibilityVersion = "Xcode 3.2";
			developmentRegion = English;
			hasScannedForEncodings = 0;
			knownRegions = (
				en,
				Base,
			);
			mainGroup = AC0534891BD69CBC0052E0AD;
			productRefGroup = AC0534931BD69CBC0052E0AD /* Products */;
			projectDirPath = "";
			projectRoot = "";
			targets = (
				AC0534911BD69CBC0052E0AD /* FMT */,
			);
		};
/* End PBXProject section */

/* Begin PBXResourcesBuildPhase section */
		AC0534901BD69CBC0052E0AD /* Resources */ = {
			isa = PBXResourcesBuildPhase;
			buildActionMask = 2147483647;
			files = (
				AC0534A01BD69CBC0052E0AD /* LaunchScreen.storyboard in Resources */,
				AC7B512B1BD9D5BA006CB36A /* Main.storyboard in Resources */,
				AC05349D1BD69CBC0052E0AD /* Assets.xcassets in Resources */,
				AC394B491BD6D841007F626A /* Icon-Small@2x.png in Resources */,
				AC0534A81BD6A6930052E0AD /* mb head.png in Resources */,
			);
			runOnlyForDeploymentPostprocessing = 0;
		};
/* End PBXResourcesBuildPhase section */

/* Begin PBXSourcesBuildPhase section */
		AC05348E1BD69CBC0052E0AD /* Sources */ = {
			isa = PBXSourcesBuildPhase;
			buildActionMask = 2147483647;
			files = (
				AC7B51281BD9BD7B006CB36A /* ButtonViewController.swift in Sources */,
				AC0534981BD69CBC0052E0AD /* ViewController.swift in Sources */,
				AC7B51261BD9BC26006CB36A /* TableViewController.swift in Sources */,
				AC0534961BD69CBC0052E0AD /* AppDelegate.swift in Sources */,
			);
			runOnlyForDeploymentPostprocessing = 0;
		};
/* End PBXSourcesBuildPhase section */

/* Begin PBXVariantGroup section */
		AC05349E1BD69CBC0052E0AD /* LaunchScreen.storyboard */ = {
			isa = PBXVariantGroup;
			children = (
				AC05349F1BD69CBC0052E0AD /* Base */,
			);
			name = LaunchScreen.storyboard;
			sourceTree = "<group>";
		};
		AC7B51291BD9D5BA006CB36A /* Main.storyboard */ = {
			isa = PBXVariantGroup;
			children = (
				AC7B512A1BD9D5BA006CB36A /* Base */,
			);
			name = Main.storyboard;
			sourceTree = "<group>";
		};
/* End PBXVariantGroup section */

/* Begin XCBuildConfiguration section */
		AC0534A21BD69CBC0052E0AD /* Debug */ = {
			isa = XCBuildConfiguration;
			buildSettings = {
				ALWAYS_SEARCH_USER_PATHS = NO;
				CLANG_CXX_LANGUAGE_STANDARD = "gnu++0x";
				CLANG_CXX_LIBRARY = "libc++";
				CLANG_ENABLE_MODULES = YES;
				CLANG_ENABLE_OBJC_ARC = YES;
				CLANG_WARN_BOOL_CONVERSION = YES;
				CLANG_WARN_CONSTANT_CONVERSION = YES;
				CLANG_WARN_DIRECT_OBJC_ISA_USAGE = YES_ERROR;
				CLANG_WARN_EMPTY_BODY = YES;
				CLANG_WARN_ENUM_CONVERSION = YES;
				CLANG_WARN_INT_CONVERSION = YES;
				CLANG_WARN_OBJC_ROOT_CLASS = YES_ERROR;
				CLANG_WARN_UNREACHABLE_CODE = YES;
				CLANG_WARN__DUPLICATE_METHOD_MATCH = YES;
				"CODE_SIGN_IDENTITY[sdk=iphoneos*]" = "iPhone Developer";
				COPY_PHASE_STRIP = NO;
				DEBUG_INFORMATION_FORMAT = dwarf;
				ENABLE_STRICT_OBJC_MSGSEND = YES;
				ENABLE_TESTABILITY = YES;
				GCC_C_LANGUAGE_STANDARD = gnu99;
				GCC_DYNAMIC_NO_PIC = NO;
				GCC_NO_COMMON_BLOCKS = YES;
				GCC_OPTIMIZATION_LEVEL = 0;
				GCC_PREPROCESSOR_DEFINITIONS = (
					"DEBUG=1",
					"$(inherited)",
				);
				GCC_WARN_64_TO_32_BIT_CONVERSION = YES;
				GCC_WARN_ABOUT_RETURN_TYPE = YES_ERROR;
				GCC_WARN_UNDECLARED_SELECTOR = YES;
				GCC_WARN_UNINITIALIZED_AUTOS = YES_AGGRESSIVE;
				GCC_WARN_UNUSED_FUNCTION = YES;
				GCC_WARN_UNUSED_VARIABLE = YES;
				IPHONEOS_DEPLOYMENT_TARGET = 9.0;
				MTL_ENABLE_DEBUG_INFO = YES;
				ONLY_ACTIVE_ARCH = YES;
				SDKROOT = iphoneos;
				SWIFT_OPTIMIZATION_LEVEL = "-Onone";
				TARGETED_DEVICE_FAMILY = "1,2";
			};
			name = Debug;
		};
		AC0534A31BD69CBC0052E0AD /* Release */ = {
			isa = XCBuildConfiguration;
			buildSettings = {
				ALWAYS_SEARCH_USER_PATHS = NO;
				CLANG_CXX_LANGUAGE_STANDARD = "gnu++0x";
				CLANG_CXX_LIBRARY = "libc++";
				CLANG_ENABLE_MODULES = YES;
				CLANG_ENABLE_OBJC_ARC = YES;
				CLANG_WARN_BOOL_CONVERSION = YES;
				CLANG_WARN_CONSTANT_CONVERSION = YES;
				CLANG_WARN_DIRECT_OBJC_ISA_USAGE = YES_ERROR;
				CLANG_WARN_EMPTY_BODY = YES;
				CLANG_WARN_ENUM_CONVERSION = YES;
				CLANG_WARN_INT_CONVERSION = YES;
				CLANG_WARN_OBJC_ROOT_CLASS = YES_ERROR;
				CLANG_WARN_UNREACHABLE_CODE = YES;
				CLANG_WARN__DUPLICATE_METHOD_MATCH = YES;
				"CODE_SIGN_IDENTITY[sdk=iphoneos*]" = "iPhone Developer";
				COPY_PHASE_STRIP = NO;
				DEBUG_INFORMATION_FORMAT = "dwarf-with-dsym";
				ENABLE_NS_ASSERTIONS = NO;
				ENABLE_STRICT_OBJC_MSGSEND = YES;
				GCC_C_LANGUAGE_STANDARD = gnu99;
				GCC_NO_COMMON_BLOCKS = YES;
				GCC_WARN_64_TO_32_BIT_CONVERSION = YES;
				GCC_WARN_ABOUT_RETURN_TYPE = YES_ERROR;
				GCC_WARN_UNDECLARED_SELECTOR = YES;
				GCC_WARN_UNINITIALIZED_AUTOS = YES_AGGRESSIVE;
				GCC_WARN_UNUSED_FUNCTION = YES;
				GCC_WARN_UNUSED_VARIABLE = YES;
				IPHONEOS_DEPLOYMENT_TARGET = 9.0;
				MTL_ENABLE_DEBUG_INFO = NO;
				SDKROOT = iphoneos;
				TARGETED_DEVICE_FAMILY = "1,2";
				VALIDATE_PRODUCT = YES;
			};
			name = Release;
		};
		AC0534A51BD69CBC0052E0AD /* Debug */ = {
			isa = XCBuildConfiguration;
			buildSettings = {
				ASSETCATALOG_COMPILER_APPICON_NAME = AppIcon;
				INFOPLIST_FILE = FMT/Info.plist;
				IPHONEOS_DEPLOYMENT_TARGET = 9.0;
				LD_RUNPATH_SEARCH_PATHS = "$(inherited) @executable_path/Frameworks";
				PRODUCT_BUNDLE_IDENTIFIER = com.mario.FMT;
				PRODUCT_NAME = "$(TARGET_NAME)";
			};
			name = Debug;
		};
		AC0534A61BD69CBC0052E0AD /* Release */ = {
			isa = XCBuildConfiguration;
			buildSettings = {
				ASSETCATALOG_COMPILER_APPICON_NAME = AppIcon;
				INFOPLIST_FILE = FMT/Info.plist;
				IPHONEOS_DEPLOYMENT_TARGET = 9.0;
				LD_RUNPATH_SEARCH_PATHS = "$(inherited) @executable_path/Frameworks";
				PRODUCT_BUNDLE_IDENTIFIER = com.mario.FMT;
				PRODUCT_NAME = "$(TARGET_NAME)";
			};
			name = Release;
		};
/* End XCBuildConfiguration section */

/* Begin XCConfigurationList section */
		AC05348D1BD69CBC0052E0AD /* Build configuration list for PBXProject "FMT" */ = {
			isa = XCConfigurationList;
			buildConfigurations = (
				AC0534A21BD69CBC0052E0AD /* Debug */,
				AC0534A31BD69CBC0052E0AD /* Release */,
			);
			defaultConfigurationIsVisible = 0;
			defaultConfigurationName = Release;
		};
		AC0534A41BD69CBC0052E0AD /* Build configuration list for PBXNativeTarget "FMT" */ = {
			isa = XCConfigurationList;
			buildConfigurations = (
				AC0534A51BD69CBC0052E0AD /* Debug */,
				AC0534A61BD69CBC0052E0AD /* Release */,
			);
			defaultConfigurationIsVisible = 0;
			defaultConfigurationName = Release;
		};
/* End XCConfigurationList section */
	};
	rootObject = AC05348A1BD69CBC0052E0AD /* Project object */;
}
